
Microsoft Visual Studio Solution File, Format Version 12.00
# Visual Studio Version 17
VisualStudioVersion = 17.14.36414.22 d17.14
MinimumVisualStudioVersion = 10.0.40219.1
Project("{FAE04EC0-301F-11D3-BF4B-00C04F79EFBC}") = "StudentScores", "StudentScores.csproj", "{59A1C0F6-7513-4533-9631-A1D41ADA48EF}"
EndProject
Global
	GlobalSection(SolutionConfigurationPlatforms) = preSolution
		Debug|Any CPU = Debug|Any CPU
		Release|Any CPU = Release|Any CPU
	EndGlobalSection
	GlobalSection(ProjectConfigurationPlatforms) = postSolution
		{59A1C0F6-7513-4533-9631-A1D41ADA48EF}.Debug|Any CPU.ActiveCfg = Debug|Any CPU
		{59A1C0F6-7513-4533-9631-A1D41ADA48EF}.Debug|Any CPU.Build.0 = Debug|Any CPU
		{59A1C0F6-7513-4533-9631-A1D41ADA48EF}.Release|Any CPU.ActiveCfg = Release|Any CPU
		{59A1C0F6-7513-4533-9631-A1D41ADA48EF}.Release|Any CPU.Build.0 = Release|Any CPU
	EndGlobalSection
	GlobalSection(SolutionProperties) = preSolution
		HideSolutionNode = FALSE
	EndGlobalSection
	GlobalSection(ExtensibilityGlobals) = postSolution
		SolutionGuid = {5F2E4A1B-0759-43D3-9F5B-4D2E4EA7FB6D}
	EndGlobalSection
EndGlobal
